
Microsoft Visual Studio Solution File, Format Version 12.00
# Visual Studio 2013
VisualStudioVersion = 12.0.40629.0
MinimumVisualStudioVersion = 10.0.40219.1
Project("{FAE04EC0-301F-11D3-BF4B-00C04F79EFBC}") = "Minesweeper.Console", "Minesweeper.Console\Minesweeper.Console.csproj", "{25FC8C86-D3DB-4BC4-84AC-A487B649A409}"
EndProject
Project("{FAE04EC0-301F-11D3-BF4B-00C04F79EFBC}") = "Minesweeper.Core", "Minesweeper.Core\Minesweeper.Core.csproj", "{B9C74FB1-9F00-4B8A-96EC-4BDCAC9783CB}"
EndProject
Project("{2150E333-8FDC-42A3-9474-1A3956D46DE8}") = ".nuget", ".nuget", "{582922EB-C751-4947-9F29-CDA9EE40932B}"
	ProjectSection(SolutionItems) = preProject
		.nuget\NuGet.Config = .nuget\NuGet.Config
		.nuget\NuGet.exe = .nuget\NuGet.exe
		.nuget\NuGet.targets = .nuget\NuGet.targets
	EndProjectSection
EndProject
Project("{FAE04EC0-301F-11D3-BF4B-00C04F79EFBC}") = "Minesweeper.Web", "Minesweeper.Web\Minesweeper.Web.csproj", "{D74562BA-CF6A-4E56-B65B-CF17FE1A0A3B}"
EndProject
Project("{FAE04EC0-301F-11D3-BF4B-00C04F79EFBC}") = "Minesweper.UnitTests", "UnitTestProject1\Minesweper.UnitTests.csproj", "{B2AF1E67-6266-49F5-91E0-84D669433AC0}"
EndProject
Global
	GlobalSection(SolutionConfigurationPlatforms) = preSolution
		Debug|Any CPU = Debug|Any CPU
		Release|Any CPU = Release|Any CPU
	EndGlobalSection
	GlobalSection(ProjectConfigurationPlatforms) = postSolution
		{25FC8C86-D3DB-4BC4-84AC-A487B649A409}.Debug|Any CPU.ActiveCfg = Debug|Any CPU
		{25FC8C86-D3DB-4BC4-84AC-A487B649A409}.Debug|Any CPU.Build.0 = Debug|Any CPU
		{25FC8C86-D3DB-4BC4-84AC-A487B649A409}.Release|Any CPU.ActiveCfg = Release|Any CPU
		{25FC8C86-D3DB-4BC4-84AC-A487B649A409}.Release|Any CPU.Build.0 = Release|Any CPU
		{B9C74FB1-9F00-4B8A-96EC-4BDCAC9783CB}.Debug|Any CPU.ActiveCfg = Debug|Any CPU
		{B9C74FB1-9F00-4B8A-96EC-4BDCAC9783CB}.Debug|Any CPU.Build.0 = Debug|Any CPU
		{B9C74FB1-9F00-4B8A-96EC-4BDCAC9783CB}.Release|Any CPU.ActiveCfg = Release|Any CPU
		{B9C74FB1-9F00-4B8A-96EC-4BDCAC9783CB}.Release|Any CPU.Build.0 = Release|Any CPU
		{D74562BA-CF6A-4E56-B65B-CF17FE1A0A3B}.Debug|Any CPU.ActiveCfg = Debug|Any CPU
		{D74562BA-CF6A-4E56-B65B-CF17FE1A0A3B}.Debug|Any CPU.Build.0 = Debug|Any CPU
		{D74562BA-CF6A-4E56-B65B-CF17FE1A0A3B}.Release|Any CPU.ActiveCfg = Release|Any CPU
		{D74562BA-CF6A-4E56-B65B-CF17FE1A0A3B}.Release|Any CPU.Build.0 = Release|Any CPU
		{B2AF1E67-6266-49F5-91E0-84D669433AC0}.Debug|Any CPU.ActiveCfg = Debug|Any CPU
		{B2AF1E67-6266-49F5-91E0-84D669433AC0}.Debug|Any CPU.Build.0 = Debug|Any CPU
		{B2AF1E67-6266-49F5-91E0-84D669433AC0}.Release|Any CPU.ActiveCfg = Release|Any CPU
		{B2AF1E67-6266-49F5-91E0-84D669433AC0}.Release|Any CPU.Build.0 = Release|Any CPU
	EndGlobalSection
	GlobalSection(SolutionProperties) = preSolution
		HideSolutionNode = FALSE
	EndGlobalSection
EndGlobal
